
Microsoft Visual Studio Solution File, Format Version 12.00
# Visual Studio Version 16
VisualStudioVersion = 16.0.30011.22
MinimumVisualStudioVersion = 10.0.40219.1
Project("{FAE04EC0-301F-11D3-BF4B-00C04F79EFBC}") = "JT_UI_Automation", "JT_UI_Automation.csproj", "{7548F4D9-97A1-437A-ABE1-5F1A1CB991C1}"
EndProject
Project("{FAE04EC0-301F-11D3-BF4B-00C04F79EFBC}") = "Sadguru_AmritTulya_UI_Auto", "..\Sadguru_AmritTulya_UI_Auto\Sadguru_AmritTulya_UI_Auto.csproj", "{A3701A88-064A-41C8-A940-8EAD947B3E8E}"
EndProject
Global
	GlobalSection(SolutionConfigurationPlatforms) = preSolution
		Debug|Any CPU = Debug|Any CPU
		Release|Any CPU = Release|Any CPU
	EndGlobalSection
	GlobalSection(ProjectConfigurationPlatforms) = postSolution
		{7548F4D9-97A1-437A-ABE1-5F1A1CB991C1}.Debug|Any CPU.ActiveCfg = Debug|Any CPU
		{7548F4D9-97A1-437A-ABE1-5F1A1CB991C1}.Debug|Any CPU.Build.0 = Debug|Any CPU
		{7548F4D9-97A1-437A-ABE1-5F1A1CB991C1}.Release|Any CPU.ActiveCfg = Release|Any CPU
		{7548F4D9-97A1-437A-ABE1-5F1A1CB991C1}.Release|Any CPU.Build.0 = Release|Any CPU
		{A3701A88-064A-41C8-A940-8EAD947B3E8E}.Debug|Any CPU.ActiveCfg = Debug|Any CPU
		{A3701A88-064A-41C8-A940-8EAD947B3E8E}.Debug|Any CPU.Build.0 = Debug|Any CPU
		{A3701A88-064A-41C8-A940-8EAD947B3E8E}.Release|Any CPU.ActiveCfg = Release|Any CPU
		{A3701A88-064A-41C8-A940-8EAD947B3E8E}.Release|Any CPU.Build.0 = Release|Any CPU
	EndGlobalSection
	GlobalSection(SolutionProperties) = preSolution
		HideSolutionNode = FALSE
	EndGlobalSection
	GlobalSection(ExtensibilityGlobals) = postSolution
		SolutionGuid = {5DCF7C0B-BE52-4B30-B816-0FD624A7946A}
	EndGlobalSection
EndGlobal
